
Microsoft Visual Studio Solution File, Format Version 12.00
# Visual Studio Version 17
VisualStudioVersion = 17.9.34622.214
MinimumVisualStudioVersion = 10.0.40219.1
Project("{FAE04EC0-301F-11D3-BF4B-00C04F79EFBC}") = "ImageLabellingTool", "ImageLabellingTool\ImageLabellingTool.csproj", "{3C91EAAB-E747-4B7D-8F01-D7474297225D}"
EndProject
Global
	GlobalSection(SolutionConfigurationPlatforms) = preSolution
		Debug|Any CPU = Debug|Any CPU
		Release|Any CPU = Release|Any CPU
	EndGlobalSection
	GlobalSection(ProjectConfigurationPlatforms) = postSolution
		{3C91EAAB-E747-4B7D-8F01-D7474297225D}.Debug|Any CPU.ActiveCfg = Debug|Any CPU
		{3C91EAAB-E747-4B7D-8F01-D7474297225D}.Debug|Any CPU.Build.0 = Debug|Any CPU
		{3C91EAAB-E747-4B7D-8F01-D7474297225D}.Release|Any CPU.ActiveCfg = Release|Any CPU
		{3C91EAAB-E747-4B7D-8F01-D7474297225D}.Release|Any CPU.Build.0 = Release|Any CPU
	EndGlobalSection
	GlobalSection(SolutionProperties) = preSolution
		HideSolutionNode = FALSE
	EndGlobalSection
	GlobalSection(ExtensibilityGlobals) = postSolution
		SolutionGuid = {7B5B1332-6D30-4F31-9E92-43578D991A4C}
	EndGlobalSection
EndGlobal
